
Microsoft Visual Studio Solution File, Format Version 10.00
# Visual Studio 2008
Project("{FAE04EC0-301F-11D3-BF4B-00C04F79EFBC}") = "tabfilechange", "tabfilechange\tabfilechange.csproj", "{ED103D3D-60CB-4F3A-82A6-C26CADFE50D2}"
EndProject
Global
	GlobalSection(SolutionConfigurationPlatforms) = preSolution
		Debug|Any CPU = Debug|Any CPU
		Release|Any CPU = Release|Any CPU
	EndGlobalSection
	GlobalSection(ProjectConfigurationPlatforms) = postSolution
		{ED103D3D-60CB-4F3A-82A6-C26CADFE50D2}.Debug|Any CPU.ActiveCfg = Debug|Any CPU
		{ED103D3D-60CB-4F3A-82A6-C26CADFE50D2}.Debug|Any CPU.Build.0 = Debug|Any CPU
		{ED103D3D-60CB-4F3A-82A6-C26CADFE50D2}.Release|Any CPU.ActiveCfg = Release|Any CPU
		{ED103D3D-60CB-4F3A-82A6-C26CADFE50D2}.Release|Any CPU.Build.0 = Release|Any CPU
	EndGlobalSection
	GlobalSection(SolutionProperties) = preSolution
		HideSolutionNode = FALSE
	EndGlobalSection
EndGlobal
